
Microsoft Visual Studio Solution File, Format Version 12.00
# Visual Studio 14
VisualStudioVersion = 14.0.25420.1
MinimumVisualStudioVersion = 10.0.40219.1
Project("{FAE04EC0-301F-11D3-BF4B-00C04F79EFBC}") = "Lesson35", "Lesson35\Lesson35.csproj", "{D8EA2E4B-FCD9-474F-AB89-DDB2949AF2EB}"
EndProject
Global
	GlobalSection(SolutionConfigurationPlatforms) = preSolution
		Debug|Any CPU = Debug|Any CPU
		Release|Any CPU = Release|Any CPU
	EndGlobalSection
	GlobalSection(ProjectConfigurationPlatforms) = postSolution
		{D8EA2E4B-FCD9-474F-AB89-DDB2949AF2EB}.Debug|Any CPU.ActiveCfg = Debug|Any CPU
		{D8EA2E4B-FCD9-474F-AB89-DDB2949AF2EB}.Debug|Any CPU.Build.0 = Debug|Any CPU
		{D8EA2E4B-FCD9-474F-AB89-DDB2949AF2EB}.Release|Any CPU.ActiveCfg = Release|Any CPU
		{D8EA2E4B-FCD9-474F-AB89-DDB2949AF2EB}.Release|Any CPU.Build.0 = Release|Any CPU
	EndGlobalSection
	GlobalSection(SolutionProperties) = preSolution
		HideSolutionNode = FALSE
	EndGlobalSection
EndGlobal
